
Microsoft Visual Studio Solution File, Format Version 11.00
# Visual Studio 2010
Project("{FAE04EC0-301F-11D3-BF4B-00C04F79EFBC}") = "XnaGame", "XnaGame\XnaGame\XnaGame.csproj", "{6703D01F-D414-4C0C-970B-764FAF42BEC0}"
EndProject
Project("{FAE04EC0-301F-11D3-BF4B-00C04F79EFBC}") = "XnaGameContent", "XnaGame\XnaGameContent\XnaGameContent.contentproj", "{A44D5982-E0A7-4980-BA2D-F87274B946B5}"
EndProject
Project("{FAE04EC0-301F-11D3-BF4B-00C04F79EFBC}") = "Engine", "Engine\Engine.csproj", "{EE311D88-F7CD-4A6A-A811-D9BD208C02D6}"
EndProject
Global
	GlobalSection(SolutionConfigurationPlatforms) = preSolution
		Debug|x86 = Debug|x86
		Release|x86 = Release|x86
	EndGlobalSection
	GlobalSection(ProjectConfigurationPlatforms) = postSolution
		{6703D01F-D414-4C0C-970B-764FAF42BEC0}.Debug|x86.ActiveCfg = Debug|x86
		{6703D01F-D414-4C0C-970B-764FAF42BEC0}.Debug|x86.Build.0 = Debug|x86
		{6703D01F-D414-4C0C-970B-764FAF42BEC0}.Release|x86.ActiveCfg = Release|x86
		{6703D01F-D414-4C0C-970B-764FAF42BEC0}.Release|x86.Build.0 = Release|x86
		{A44D5982-E0A7-4980-BA2D-F87274B946B5}.Debug|x86.ActiveCfg = Debug|x86
		{A44D5982-E0A7-4980-BA2D-F87274B946B5}.Release|x86.ActiveCfg = Release|x86
		{EE311D88-F7CD-4A6A-A811-D9BD208C02D6}.Debug|x86.ActiveCfg = Debug|x86
		{EE311D88-F7CD-4A6A-A811-D9BD208C02D6}.Debug|x86.Build.0 = Debug|x86
		{EE311D88-F7CD-4A6A-A811-D9BD208C02D6}.Release|x86.ActiveCfg = Release|x86
		{EE311D88-F7CD-4A6A-A811-D9BD208C02D6}.Release|x86.Build.0 = Release|x86
	EndGlobalSection
	GlobalSection(SolutionProperties) = preSolution
		HideSolutionNode = FALSE
	EndGlobalSection
EndGlobal
